Microsoft Visual Studio Solution File, Format Version 12.00
# Visual Studio 2012
Project("{FAE04EC0-301F-11D3-BF4B-00C04F79EFBC}") = "Assignment 5", "Assignment 5.csproj", "{44039AEC-9028-4198-93CD-AF0D4E8009A8}"
EndProject
Global
	GlobalSection(SolutionConfigurationPlatforms) = preSolution
	Debug|Any CPU = Debug|Any CPU
	ExportDebug|Any CPU = ExportDebug|Any CPU
	ExportRelease|Any CPU = ExportRelease|Any CPU
	EndGlobalSection
	GlobalSection(ProjectConfigurationPlatforms) = postSolution
		{44039AEC-9028-4198-93CD-AF0D4E8009A8}.Debug|Any CPU.ActiveCfg = Debug|Any CPU
		{44039AEC-9028-4198-93CD-AF0D4E8009A8}.Debug|Any CPU.Build.0 = Debug|Any CPU
		{44039AEC-9028-4198-93CD-AF0D4E8009A8}.ExportDebug|Any CPU.ActiveCfg = ExportDebug|Any CPU
		{44039AEC-9028-4198-93CD-AF0D4E8009A8}.ExportDebug|Any CPU.Build.0 = ExportDebug|Any CPU
		{44039AEC-9028-4198-93CD-AF0D4E8009A8}.ExportRelease|Any CPU.ActiveCfg = ExportRelease|Any CPU
		{44039AEC-9028-4198-93CD-AF0D4E8009A8}.ExportRelease|Any CPU.Build.0 = ExportRelease|Any CPU
	EndGlobalSection
EndGlobal
